# THIS IS AN AUTOGENERATED FILE. DO NOT EDIT THIS FILE DIRECTLY.
# yarn lockfile v1


fsevents@~2.3.2:
  version "2.3.2"
  resolved "http://10.93.0.61:4873/fsevents/-/fsevents-2.3.2.tgz#8a526f78b8fdf4623b709e0b975c52c24c02fd1a"
  integrity sha1-ilJveLj99GI7cJ4Ll1xSwkwC/Ro=

rollup@^3.3.0:
  version "3.3.0"
  resolved "http://10.93.0.61:4873/rollup/-/rollup-3.3.0.tgz#ae8dc84808a9c75d775d8b2ed8db1adada31a581"
  integrity sha512-wqOV/vUJCYEbWsXvwCkgGWvgaEnsbn4jxBQWKpN816CqsmCimDmCNJI83c6if7QVD4v/zlyRzxN7U2yDT5rfoA==
  optionalDependencies:
    fsevents "~2.3.2"
